
Microsoft Visual Studio Solution File, Format Version 12.00
# Visual Studio 15
VisualStudioVersion = 15.0.28010.2050
MinimumVisualStudioVersion = 10.0.40219.1
Project("{6EC3EE1D-3C4E-46DD-8F32-0CC8E7565705}") = "altcode.fake.dotnet.gendarme.core", "AltCode.Fake.DotNet.Gendarme\altcode.fake.dotnet.gendarme.core.fsproj", "{4A0C7CBE-713F-46FA-95D8-EAF2AD073DFB}"
EndProject
Project("{F2A71F9B-5D33-465A-A702-920D77279786}") = "AltCode.Fake.DotNet.Gendarme", "AltCode.Fake.DotNet.Gendarme\AltCode.Fake.DotNet.Gendarme.fsproj", "{17662DB6-7BB1-4ECE-BF37-D6D439762CFD}"
EndProject
Project("{F2A71F9B-5D33-465A-A702-920D77279786}") = "AltCode.Nuget.Placeholder", "AltCode.Nuget.Placeholder\AltCode.Nuget.Placeholder.fsproj", "{F87AFAFF-29FA-41A5-AFC1-26DB73FA64F9}"
EndProject
Project("{6EC3EE1D-3C4E-46DD-8F32-0CC8E7565705}") = "AltCode.Fake.Tests", "AltCode.Fake.Tests\AltCode.Fake.Tests.fsproj", "{48B1CD14-45DC-4447-AE36-DBAB19B62D3F}"
EndProject
Project("{2150E333-8FDC-42A3-9474-1A3956D46DE8}") = "BuildItems", "BuildItems", "{A5FBA39A-4F35-48DE-9332-9C8B805F034E}"
	ProjectSection(SolutionItems) = preProject
		.travis.yml = .travis.yml
		Build\actions.fsx = Build\actions.fsx
		Build\AltCode.Fake.nuspec = Build\AltCode.Fake.nuspec
		appveyor.yml = appveyor.yml
		Build\build.fsx = Build\build.fsx
		Build\dotnet-nuget.fsproj = Build\dotnet-nuget.fsproj
		README.md = README.md
		Build\rules-fake.xml = Build\rules-fake.xml
		Build\setup.fsx = Build\setup.fsx
		Build\targets.fsx = Build\targets.fsx
	EndProjectSection
EndProject
Project("{6EC3EE1D-3C4E-46DD-8F32-0CC8E7565705}") = "AltCode.VsWhat", "AltCode.VsWhat\AltCode.VsWhat.fsproj", "{2DA60580-0A84-460A-AE2C-4A7718BF08C7}"
EndProject
Global
	GlobalSection(SolutionConfigurationPlatforms) = preSolution
		Debug|Any CPU = Debug|Any CPU
		Release|Any CPU = Release|Any CPU
	EndGlobalSection
	GlobalSection(ProjectConfigurationPlatforms) = postSolution
		{4A0C7CBE-713F-46FA-95D8-EAF2AD073DFB}.Debug|Any CPU.ActiveCfg = Debug|Any CPU
		{4A0C7CBE-713F-46FA-95D8-EAF2AD073DFB}.Debug|Any CPU.Build.0 = Debug|Any CPU
		{4A0C7CBE-713F-46FA-95D8-EAF2AD073DFB}.Release|Any CPU.ActiveCfg = Release|Any CPU
		{4A0C7CBE-713F-46FA-95D8-EAF2AD073DFB}.Release|Any CPU.Build.0 = Release|Any CPU
		{17662DB6-7BB1-4ECE-BF37-D6D439762CFD}.Debug|Any CPU.ActiveCfg = Debug|Any CPU
		{17662DB6-7BB1-4ECE-BF37-D6D439762CFD}.Debug|Any CPU.Build.0 = Debug|Any CPU
		{17662DB6-7BB1-4ECE-BF37-D6D439762CFD}.Release|Any CPU.ActiveCfg = Release|Any CPU
		{17662DB6-7BB1-4ECE-BF37-D6D439762CFD}.Release|Any CPU.Build.0 = Release|Any CPU
		{F87AFAFF-29FA-41A5-AFC1-26DB73FA64F9}.Debug|Any CPU.ActiveCfg = Debug|Any CPU
		{F87AFAFF-29FA-41A5-AFC1-26DB73FA64F9}.Debug|Any CPU.Build.0 = Debug|Any CPU
		{F87AFAFF-29FA-41A5-AFC1-26DB73FA64F9}.Release|Any CPU.ActiveCfg = Release|Any CPU
		{48B1CD14-45DC-4447-AE36-DBAB19B62D3F}.Debug|Any CPU.ActiveCfg = Debug|Any CPU
		{48B1CD14-45DC-4447-AE36-DBAB19B62D3F}.Debug|Any CPU.Build.0 = Debug|Any CPU
		{48B1CD14-45DC-4447-AE36-DBAB19B62D3F}.Release|Any CPU.ActiveCfg = Release|Any CPU
		{2DA60580-0A84-460A-AE2C-4A7718BF08C7}.Debug|Any CPU.ActiveCfg = Debug|Any CPU
		{2DA60580-0A84-460A-AE2C-4A7718BF08C7}.Debug|Any CPU.Build.0 = Debug|Any CPU
		{2DA60580-0A84-460A-AE2C-4A7718BF08C7}.Release|Any CPU.ActiveCfg = Release|Any CPU
		{2DA60580-0A84-460A-AE2C-4A7718BF08C7}.Release|Any CPU.Build.0 = Release|Any CPU
	EndGlobalSection
	GlobalSection(SolutionProperties) = preSolution
		HideSolutionNode = FALSE
	EndGlobalSection
	GlobalSection(ExtensibilityGlobals) = postSolution
		SolutionGuid = {3F34F8DC-80B7-4A8E-A831-5A2579CDD5B6}
	EndGlobalSection
EndGlobal
